
Microsoft Visual Studio Solution File, Format Version 12.00
# Visual Studio 15
Project("{FAE04EC0-301F-11D3-BF4B-00C04F79EFBC}") = "Assembly-CSharp", "Assembly-CSharp.csproj", "{C6435F4C-F1A5-DE9E-3F69-9A8B0386E8AE}"
EndProject
Global
	GlobalSection(SolutionConfigurationPlatforms) = preSolution
		Debug|Any CPU = Debug|Any CPU
		Release|Any CPU = Release|Any CPU
	EndGlobalSection
	GlobalSection(ProjectConfigurationPlatforms) = postSolution
		{C6435F4C-F1A5-DE9E-3F69-9A8B0386E8AE}.Debug|Any CPU.ActiveCfg = Debug|Any CPU
		{C6435F4C-F1A5-DE9E-3F69-9A8B0386E8AE}.Debug|Any CPU.Build.0 = Debug|Any CPU
		{C6435F4C-F1A5-DE9E-3F69-9A8B0386E8AE}.Release|Any CPU.ActiveCfg = Release|Any CPU
		{C6435F4C-F1A5-DE9E-3F69-9A8B0386E8AE}.Release|Any CPU.Build.0 = Release|Any CPU
	EndGlobalSection
	GlobalSection(SolutionProperties) = preSolution
		HideSolutionNode = FALSE
	EndGlobalSection
EndGlobal
